
Microsoft Visual Studio Solution File, Format Version 12.00
# Visual Studio Version 17
VisualStudioVersion = 17.1.32407.343
MinimumVisualStudioVersion = 10.0.40219.1
Project("{8BC9CEB8-8B4A-11D0-8D11-00A0C91BC942}") = "Template", "Template\Template.vcxproj", "{4F1E9B09-8BFC-46E3-8EB8-45CBCD782B83}"
EndProject
Project("{8BC9CEB8-8B4A-11D0-8D11-00A0C91BC942}") = "GUI Programming", "GUI Programming\GUI Programming.vcxproj", "{41665F95-BF57-45A4-B776-169B48C4FD5D}"
EndProject
Global
	GlobalSection(SolutionConfigurationPlatforms) = preSolution
		Debug|x64 = Debug|x64
		Debug|x86 = Debug|x86
		Release|x64 = Release|x64
		Release|x86 = Release|x86
	EndGlobalSection
	GlobalSection(ProjectConfigurationPlatforms) = postSolution
		{4F1E9B09-8BFC-46E3-8EB8-45CBCD782B83}.Debug|x64.ActiveCfg = Debug|x64
		{4F1E9B09-8BFC-46E3-8EB8-45CBCD782B83}.Debug|x64.Build.0 = Debug|x64
		{4F1E9B09-8BFC-46E3-8EB8-45CBCD782B83}.Debug|x86.ActiveCfg = Debug|Win32
		{4F1E9B09-8BFC-46E3-8EB8-45CBCD782B83}.Debug|x86.Build.0 = Debug|Win32
		{4F1E9B09-8BFC-46E3-8EB8-45CBCD782B83}.Release|x64.ActiveCfg = Release|x64
		{4F1E9B09-8BFC-46E3-8EB8-45CBCD782B83}.Release|x64.Build.0 = Release|x64
		{4F1E9B09-8BFC-46E3-8EB8-45CBCD782B83}.Release|x86.ActiveCfg = Release|Win32
		{4F1E9B09-8BFC-46E3-8EB8-45CBCD782B83}.Release|x86.Build.0 = Release|Win32
		{41665F95-BF57-45A4-B776-169B48C4FD5D}.Debug|x64.ActiveCfg = Debug|x64
		{41665F95-BF57-45A4-B776-169B48C4FD5D}.Debug|x64.Build.0 = Debug|x64
		{41665F95-BF57-45A4-B776-169B48C4FD5D}.Debug|x86.ActiveCfg = Debug|Win32
		{41665F95-BF57-45A4-B776-169B48C4FD5D}.Debug|x86.Build.0 = Debug|Win32
		{41665F95-BF57-45A4-B776-169B48C4FD5D}.Release|x64.ActiveCfg = Release|x64
		{41665F95-BF57-45A4-B776-169B48C4FD5D}.Release|x64.Build.0 = Release|x64
		{41665F95-BF57-45A4-B776-169B48C4FD5D}.Release|x86.ActiveCfg = Release|Win32
		{41665F95-BF57-45A4-B776-169B48C4FD5D}.Release|x86.Build.0 = Release|Win32
	EndGlobalSection
	GlobalSection(SolutionProperties) = preSolution
		HideSolutionNode = FALSE
	EndGlobalSection
	GlobalSection(ExtensibilityGlobals) = postSolution
		SolutionGuid = {970A2AD1-20AE-4930-A6E5-110862836B13}
	EndGlobalSection
EndGlobal
